// !$*UTF8*$!
{
	archiveVersion = 1;
	classes = {
	};
	objectVersion = 51;
	objects = {

/* Begin PBXBuildFile section */
		02EBF3291AA3798A4E198C88 /* Pods_DeviantArtInfiniteScrollingTests.framework in Frameworks */ = {isa = PBXBuildFile; fileRef = 13FB322DE64615CDDD65B80E /* Pods_DeviantArtInfiniteScrollingTests.framework */; };
		0660044610A6B2EF275F7C88 /* Pods_DeviantArtInfiniteScrolling.framework in Frameworks */ = {isa = PBXBuildFile; fileRef = 9665F74F8F83F223A3DFF7EF /* Pods_DeviantArtInfiniteScrolling.framework */; };
		7B077C8DA5F9B069CD12B5A1 /* Pods_DeviantArtInfiniteScrolling_DeviantArtInfiniteScrollingUITests.framework in Frameworks */ = {isa = PBXBuildFile; fileRef = 1C68C890E7650061838D1543 /* Pods_DeviantArtInfiniteScrolling_DeviantArtInfiniteScrollingUITests.framework */; };
		CC5819DA257D1F2700BE1530 /* UniqueLock.swift in Sources */ = {isa = PBXBuildFile; fileRef = CC5819D9257D1F2600BE1530 /* UniqueLock.swift */; };
		CC5819DF257D396300BE1530 /* TableViewDataSource.swift in Sources */ = {isa = PBXBuildFile; fileRef = CC5819DE257D396300BE1530 /* TableViewDataSource.swift */; };
		CC5819E4257D583100BE1530 /* CircularBuffer.swift in Sources */ = {isa = PBXBuildFile; fileRef = CC5819E3257D583000BE1530 /* CircularBuffer.swift */; };
		CC5819EA257D595400BE1530 /* NetworkOperation.swift in Sources */ = {isa = PBXBuildFile; fileRef = CC5819E9257D595400BE1530 /* NetworkOperation.swift */; };
		CC5819F2257D5F0A00BE1530 /* AsynchronousOperation.swift in Sources */ = {isa = PBXBuildFile; fileRef = CC5819F1257D5F0A00BE1530 /* AsynchronousOperation.swift */; };
		CC5819FC257D6AAA00BE1530 /* DAMediaManager.swift in Sources */ = {isa = PBXBuildFile; fileRef = CC5819FB257D6AAA00BE1530 /* DAMediaManager.swift */; };
		CC636335257BE768001A2522 /* StatusMessage.swift in Sources */ = {isa = PBXBuildFile; fileRef = CC636334257BE768001A2522 /* StatusMessage.swift */; };
		CC7298B025A7424C0031FEFE /* Atomic.swift in Sources */ = {isa = PBXBuildFile; fileRef = CC7298AF25A7424C0031FEFE /* Atomic.swift */; };
		CCF46294257BB22600BEB655 /* AppDelegate.swift in Sources */ = {isa = PBXBuildFile; fileRef = CCF46293257BB22600BEB655 /* AppDelegate.swift */; };
		CCF46298257BB22600BEB655 /* ViewController.swift in Sources */ = {isa = PBXBuildFile; fileRef = CCF46297257BB22600BEB655 /* ViewController.swift */; };
		CCF4629B257BB22600BEB655 /* Main.storyboard in Resources */ = {isa = PBXBuildFile; fileRef = CCF46299257BB22600BEB655 /* Main.storyboard */; };
		CCF4629D257BB22800BEB655 /* Assets.xcassets in Resources */ = {isa = PBXBuildFile; fileRef = CCF4629C257BB22800BEB655 /* Assets.xcassets */; };
		CCF462A0257BB22800BEB655 /* LaunchScreen.storyboard in Resources */ = {isa = PBXBuildFile; fileRef = CCF4629E257BB22800BEB655 /* LaunchScreen.storyboard */; };
		CCF462AB257BB22800BEB655 /* DeviantArtInfiniteScrollingTests.swift in Sources */ = {isa = PBXBuildFile; fileRef = CCF462AA257BB22800BEB655 /* DeviantArtInfiniteScrollingTests.swift */; };
		CCF462B6257BB22800BEB655 /* DeviantArtInfiniteScrollingUITests.swift in Sources */ = {isa = PBXBuildFile; fileRef = CCF462B5257BB22800BEB655 /* DeviantArtInfiniteScrollingUITests.swift */; };
		CCF462D6257BC90E00BEB655 /* DeviationPreviewCell.swift in Sources */ = {isa = PBXBuildFile; fileRef = CCF462D4257BC90E00BEB655 /* DeviationPreviewCell.swift */; };
		CCF462D7257BC90E00BEB655 /* DeviationPreviewCell.xib in Resources */ = {isa = PBXBuildFile; fileRef = CCF462D5257BC90E00BEB655 /* DeviationPreviewCell.xib */; };
		CCF4630E257BCD2900BEB655 /* DAManager.swift in Sources */ = {isa = PBXBuildFile; fileRef = CCF4630D257BCD2900BEB655 /* DAManager.swift */; };
		CCF46327257BD8B200BEB655 /* AlamofireManager.swift in Sources */ = {isa = PBXBuildFile; fileRef = CCF46326257BD8B200BEB655 /* AlamofireManager.swift */; };
/* End PBXBuildFile section */

/* Begin PBXContainerItemProxy section */
		CCF462A7257BB22800BEB655 /* PBXContainerItemProxy */ = {
			isa = PBXContainerItemProxy;
			containerPortal = CCF46288257BB22600BEB655 /* Project object */;
			proxyType = 1;
			remoteGlobalIDString = CCF4628F257BB22600BEB655;
			remoteInfo = DeviantArtInfiniteScrolling;
		};
		CCF462B2257BB22800BEB655 /* PBXContainerItemProxy */ = {
			isa = PBXContainerItemProxy;
			containerPortal = CCF46288257BB22600BEB655 /* Project object */;
			proxyType = 1;
			remoteGlobalIDString = CCF4628F257BB22600BEB655;
			remoteInfo = DeviantArtInfiniteScrolling;
		};
/* End PBXContainerItemProxy section */

/* Begin PBXFileReference section */
		13FB322DE64615CDDD65B80E /* Pods_DeviantArtInfiniteScrollingTests.framework */ = {isa = PBXFileReference; explicitFileType = wrapper.framework; includeInIndex = 0; path = Pods_DeviantArtInfiniteScrollingTests.framework; sourceTree = BUILT_PRODUCTS_DIR; };
		1C68C890E7650061838D1543 /* Pods_DeviantArtInfiniteScrolling_DeviantArtInfiniteScrollingUITests.framework */ = {isa = PBXFileReference; explicitFileType = wrapper.framework; includeInIndex = 0; path = Pods_DeviantArtInfiniteScrolling_DeviantArtInfiniteScrollingUITests.framework; sourceTree = BUILT_PRODUCTS_DIR; };
		4D8F6384B332E562D3A6EAD5 /* Pods-DeviantArtInfiniteScrolling-DeviantArtInfiniteScrollingUITests.debug.xcconfig */ = {isa = PBXFileReference; includeInIndex = 1; lastKnownFileType = text.xcconfig; name = "Pods-DeviantArtInfiniteScrolling-DeviantArtInfiniteScrollingUITests.debug.xcconfig"; path = "Target Support Files/Pods-DeviantArtInfiniteScrolling-DeviantArtInfiniteScrollingUITests/Pods-DeviantArtInfiniteScrolling-DeviantArtInfiniteScrollingUITests.debug.xcconfig"; sourceTree = "<group>"; };
		5204CE33409B617F5CAA21C5 /* Pods-DeviantArtInfiniteScrollingTests.release.xcconfig */ = {isa = PBXFileReference; includeInIndex = 1; lastKnownFileType = text.xcconfig; name = "Pods-DeviantArtInfiniteScrollingTests.release.xcconfig"; path = "Target Support Files/Pods-DeviantArtInfiniteScrollingTests/Pods-DeviantArtInfiniteScrollingTests.release.xcconfig"; sourceTree = "<group>"; };
		55E44EAE8FC74F8AD55D26A2 /* Pods-DeviantArtInfiniteScrolling-DeviantArtInfiniteScrollingUITests.release.xcconfig */ = {isa = PBXFileReference; includeInIndex = 1; lastKnownFileType = text.xcconfig; name = "Pods-DeviantArtInfiniteScrolling-DeviantArtInfiniteScrollingUITests.release.xcconfig"; path = "Target Support Files/Pods-DeviantArtInfiniteScrolling-DeviantArtInfiniteScrollingUITests/Pods-DeviantArtInfiniteScrolling-DeviantArtInfiniteScrollingUITests.release.xcconfig"; sourceTree = "<group>"; };
		8F5D882C2300841F7D00AFD0 /* Pods-DeviantArtInfiniteScrollingTests.debug.xcconfig */ = {isa = PBXFileReference; includeInIndex = 1; lastKnownFileType = text.xcconfig; name = "Pods-DeviantArtInfiniteScrollingTests.debug.xcconfig"; path = "Target Support Files/Pods-DeviantArtInfiniteScrollingTests/Pods-DeviantArtInfiniteScrollingTests.debug.xcconfig"; sourceTree = "<group>"; };
		9665F74F8F83F223A3DFF7EF /* Pods_DeviantArtInfiniteScrolling.framework */ = {isa = PBXFileReference; explicitFileType = wrapper.framework; includeInIndex = 0; path = Pods_DeviantArtInfiniteScrolling.framework; sourceTree = BUILT_PRODUCTS_DIR; };
		C4B829B6249564FFF4413D0F /* Pods-DeviantArtInfiniteScrolling.release.xcconfig */ = {isa = PBXFileReference; includeInIndex = 1; lastKnownFileType = text.xcconfig; name = "Pods-DeviantArtInfiniteScrolling.release.xcconfig"; path = "Target Support Files/Pods-DeviantArtInfiniteScrolling/Pods-DeviantArtInfiniteScrolling.release.xcconfig"; sourceTree = "<group>"; };
		CC5819D9257D1F2600BE1530 /* UniqueLock.swift */ = {isa = PBXFileReference; lastKnownFileType = sourcecode.swift; path = UniqueLock.swift; sourceTree = "<group>"; };
		CC5819DE257D396300BE1530 /* TableViewDataSource.swift */ = {isa = PBXFileReference; lastKnownFileType = sourcecode.swift; path = TableViewDataSource.swift; sourceTree = "<group>"; };
		CC5819E3257D583000BE1530 /* CircularBuffer.swift */ = {isa = PBXFileReference; fileEncoding = 4; lastKnownFileType = sourcecode.swift; path = CircularBuffer.swift; sourceTree = "<group>"; };
		CC5819E9257D595400BE1530 /* NetworkOperation.swift */ = {isa = PBXFileReference; lastKnownFileType = sourcecode.swift; path = NetworkOperation.swift; sourceTree = "<group>"; };
		CC5819F1257D5F0A00BE1530 /* AsynchronousOperation.swift */ = {isa = PBXFileReference; lastKnownFileType = sourcecode.swift; path = AsynchronousOperation.swift; sourceTree = "<group>"; };
		CC5819FB257D6AAA00BE1530 /* DAMediaManager.swift */ = {isa = PBXFileReference; lastKnownFileType = sourcecode.swift; path = DAMediaManager.swift; sourceTree = "<group>"; };
		CC636334257BE768001A2522 /* StatusMessage.swift */ = {isa = PBXFileReference; lastKnownFileType = sourcecode.swift; path = StatusMessage.swift; sourceTree = "<group>"; };
		CC7298AF25A7424C0031FEFE /* Atomic.swift */ = {isa = PBXFileReference; lastKnownFileType = sourcecode.swift; path = Atomic.swift; sourceTree = "<group>"; };
		CCF46290257BB22600BEB655 /* DeviantArtInfiniteScrolling.app */ = {isa = PBXFileReference; explicitFileType = wrapper.application; includeInIndex = 0; path = DeviantArtInfiniteScrolling.app; sourceTree = BUILT_PRODUCTS_DIR; };
		CCF46293257BB22600BEB655 /* AppDelegate.swift */ = {isa = PBXFileReference; lastKnownFileType = sourcecode.swift; path = AppDelegate.swift; sourceTree = "<group>"; };
		CCF46297257BB22600BEB655 /* ViewController.swift */ = {isa = PBXFileReference; lastKnownFileType = sourcecode.swift; path = ViewController.swift; sourceTree = "<group>"; };
		CCF4629A257BB22600BEB655 /* Base */ = {isa = PBXFileReference; lastKnownFileType = file.storyboard; name = Base; path = Base.lproj/Main.storyboard; sourceTree = "<group>"; };
		CCF4629C257BB22800BEB655 /* Assets.xcassets */ = {isa = PBXFileReference; lastKnownFileType = folder.assetcatalog; path = Assets.xcassets; sourceTree = "<group>"; };
		CCF4629F257BB22800BEB655 /* Base */ = {isa = PBXFileReference; lastKnownFileType = file.storyboard; name = Base; path = Base.lproj/LaunchScreen.storyboard; sourceTree = "<group>"; };
		CCF462A1257BB22800BEB655 /* Info.plist */ = {isa = PBXFileReference; lastKnownFileType = text.plist.xml; path = Info.plist; sourceTree = "<group>"; };
		CCF462A6257BB22800BEB655 /* DeviantArtInfiniteScrollingTests.xctest */ = {isa = PBXFileReference; explicitFileType = wrapper.cfbundle; includeInIndex = 0; path = DeviantArtInfiniteScrollingTests.xctest; sourceTree = BUILT_PRODUCTS_DIR; };
		CCF462AA257BB22800BEB655 /* DeviantArtInfiniteScrollingTests.swift */ = {isa = PBXFileReference; lastKnownFileType = sourcecode.swift; path = DeviantArtInfiniteScrollingTests.swift; sourceTree = "<group>"; };
		CCF462AC257BB22800BEB655 /* Info.plist */ = {isa = PBXFileReference; lastKnownFileType = text.plist.xml; path = Info.plist; sourceTree = "<group>"; };
		CCF462B1257BB22800BEB655 /* DeviantArtInfiniteScrollingUITests.xctest */ = {isa = PBXFileReference; explicitFileType = wrapper.cfbundle; includeInIndex = 0; path = DeviantArtInfiniteScrollingUITests.xctest; sourceTree = BUILT_PRODUCTS_DIR; };
		CCF462B5257BB22800BEB655 /* DeviantArtInfiniteScrollingUITests.swift */ = {isa = PBXFileReference; lastKnownFileType = sourcecode.swift; path = DeviantArtInfiniteScrollingUITests.swift; sourceTree = "<group>"; };
		CCF462B7257BB22800BEB655 /* Info.plist */ = {isa = PBXFileReference; lastKnownFileType = text.plist.xml; path = Info.plist; sourceTree = "<group>"; };
		CCF462D4257BC90E00BEB655 /* DeviationPreviewCell.swift */ = {isa = PBXFileReference; lastKnownFileType = sourcecode.swift; path = DeviationPreviewCell.swift; sourceTree = "<group>"; };
		CCF462D5257BC90E00BEB655 /* DeviationPreviewCell.xib */ = {isa = PBXFileReference; lastKnownFileType = file.xib; path = DeviationPreviewCell.xib; sourceTree = "<group>"; };
		CCF4630D257BCD2900BEB655 /* DAManager.swift */ = {isa = PBXFileReference; lastKnownFileType = sourcecode.swift; path = DAManager.swift; sourceTree = "<group>"; };
		CCF46326257BD8B200BEB655 /* AlamofireManager.swift */ = {isa = PBXFileReference; lastKnownFileType = sourcecode.swift; path = AlamofireManager.swift; sourceTree = "<group>"; };
		EA9E63CA04FA681E396DDB89 /* Pods-DeviantArtInfiniteScrolling.debug.xcconfig */ = {isa = PBXFileReference; includeInIndex = 1; lastKnownFileType = text.xcconfig; name = "Pods-DeviantArtInfiniteScrolling.debug.xcconfig"; path = "Target Support Files/Pods-DeviantArtInfiniteScrolling/Pods-DeviantArtInfiniteScrolling.debug.xcconfig"; sourceTree = "<group>"; };
/* End PBXFileReference section */

/* Begin PBXFrameworksBuildPhase section */
		CCF4628D257BB22600BEB655 /* Frameworks */ = {
			isa = PBXFrameworksBuildPhase;
			buildActionMask = 2147483647;
			files = (
				0660044610A6B2EF275F7C88 /* Pods_DeviantArtInfiniteScrolling.framework in Frameworks */,
			);
			runOnlyForDeploymentPostprocessing = 0;
		};
		CCF462A3257BB22800BEB655 /* Frameworks */ = {
			isa = PBXFrameworksBuildPhase;
			buildActionMask = 2147483647;
			files = (
				02EBF3291AA3798A4E198C88 /* Pods_DeviantArtInfiniteScrollingTests.framework in Frameworks */,
			);
			runOnlyForDeploymentPostprocessing = 0;
		};
		CCF462AE257BB22800BEB655 /* Frameworks */ = {
			isa = PBXFrameworksBuildPhase;
			buildActionMask = 2147483647;
			files = (
				7B077C8DA5F9B069CD12B5A1 /* Pods_DeviantArtInfiniteScrolling_DeviantArtInfiniteScrollingUITests.framework in Frameworks */,
			);
			runOnlyForDeploymentPostprocessing = 0;
		};
/* End PBXFrameworksBuildPhase section */

/* Begin PBXGroup section */
		52922013A2834402B8D007B6 /* Pods */ = {
			isa = PBXGroup;
			children = (
				EA9E63CA04FA681E396DDB89 /* Pods-DeviantArtInfiniteScrolling.debug.xcconfig */,
				C4B829B6249564FFF4413D0F /* Pods-DeviantArtInfiniteScrolling.release.xcconfig */,
				4D8F6384B332E562D3A6EAD5 /* Pods-DeviantArtInfiniteScrolling-DeviantArtInfiniteScrollingUITests.debug.xcconfig */,
				55E44EAE8FC74F8AD55D26A2 /* Pods-DeviantArtInfiniteScrolling-DeviantArtInfiniteScrollingUITests.release.xcconfig */,
				8F5D882C2300841F7D00AFD0 /* Pods-DeviantArtInfiniteScrollingTests.debug.xcconfig */,
				5204CE33409B617F5CAA21C5 /* Pods-DeviantArtInfiniteScrollingTests.release.xcconfig */,
			);
			path = Pods;
			sourceTree = "<group>";
		};
		B7F63FDC1175CBD9DC0DD387 /* Frameworks */ = {
			isa = PBXGroup;
			children = (
				9665F74F8F83F223A3DFF7EF /* Pods_DeviantArtInfiniteScrolling.framework */,
				1C68C890E7650061838D1543 /* Pods_DeviantArtInfiniteScrolling_DeviantArtInfiniteScrollingUITests.framework */,
				13FB322DE64615CDDD65B80E /* Pods_DeviantArtInfiniteScrollingTests.framework */,
			);
			name = Frameworks;
			sourceTree = "<group>";
		};
		CC5819E8257D593300BE1530 /* Network */ = {
			isa = PBXGroup;
			children = (
				CC5819E9257D595400BE1530 /* NetworkOperation.swift */,
			);
			path = Network;
			sourceTree = "<group>";
		};
		CC581AAC25801A5900BE1530 /* Views */ = {
			isa = PBXGroup;
			children = (
				CCF462D4257BC90E00BEB655 /* DeviationPreviewCell.swift */,
				CCF462D5257BC90E00BEB655 /* DeviationPreviewCell.xib */,
			);
			path = Views;
			sourceTree = "<group>";
		};
		CCF46287257BB22600BEB655 = {
			isa = PBXGroup;
			children = (
				CCF46292257BB22600BEB655 /* DeviantArtInfiniteScrolling */,
				CCF462A9257BB22800BEB655 /* DeviantArtInfiniteScrollingTests */,
				CCF462B4257BB22800BEB655 /* DeviantArtInfiniteScrollingUITests */,
				CCF46291257BB22600BEB655 /* Products */,
				52922013A2834402B8D007B6 /* Pods */,
				B7F63FDC1175CBD9DC0DD387 /* Frameworks */,
			);
			sourceTree = "<group>";
		};
		CCF46291257BB22600BEB655 /* Products */ = {
			isa = PBXGroup;
			children = (
				CCF46290257BB22600BEB655 /* DeviantArtInfiniteScrolling.app */,
				CCF462A6257BB22800BEB655 /* DeviantArtInfiniteScrollingTests.xctest */,
				CCF462B1257BB22800BEB655 /* DeviantArtInfiniteScrollingUITests.xctest */,
			);
			name = Products;
			sourceTree = "<group>";
		};
		CCF46292257BB22600BEB655 /* DeviantArtInfiniteScrolling */ = {
			isa = PBXGroup;
			children = (
				CC581AAC25801A5900BE1530 /* Views */,
				CC5819E8257D593300BE1530 /* Network */,
				CCF46325257BD89000BEB655 /* Helpers */,
				CCF462CF257BBAF100BEB655 /* DeviantArt API */,
				CCF46293257BB22600BEB655 /* AppDelegate.swift */,
				CCF46297257BB22600BEB655 /* ViewController.swift */,
				CCF46299257BB22600BEB655 /* Main.storyboard */,
				CCF4629C257BB22800BEB655 /* Assets.xcassets */,
				CCF4629E257BB22800BEB655 /* LaunchScreen.storyboard */,
				CCF462A1257BB22800BEB655 /* Info.plist */,
				CC5819DE257D396300BE1530 /* TableViewDataSource.swift */,
			);
			path = DeviantArtInfiniteScrolling;
			sourceTree = "<group>";
		};
		CCF462A9257BB22800BEB655 /* DeviantArtInfiniteScrollingTests */ = {
			isa = PBXGroup;
			children = (
				CCF462AA257BB22800BEB655 /* DeviantArtInfiniteScrollingTests.swift */,
				CCF462AC257BB22800BEB655 /* Info.plist */,
			);
			path = DeviantArtInfiniteScrollingTests;
			sourceTree = "<group>";
		};
		CCF462B4257BB22800BEB655 /* DeviantArtInfiniteScrollingUITests */ = {
			isa = PBXGroup;
			children = (
				CCF462B5257BB22800BEB655 /* DeviantArtInfiniteScrollingUITests.swift */,
				CCF462B7257BB22800BEB655 /* Info.plist */,
			);
			path = DeviantArtInfiniteScrollingUITests;
			sourceTree = "<group>";
		};
		CCF462CF257BBAF100BEB655 /* DeviantArt API */ = {
			isa = PBXGroup;
			children = (
				CCF4630D257BCD2900BEB655 /* DAManager.swift */,
				CC5819FB257D6AAA00BE1530 /* DAMediaManager.swift */,
			);
			path = "DeviantArt API";
			sourceTree = "<group>";
		};
		CCF46325257BD89000BEB655 /* Helpers */ = {
			isa = PBXGroup;
			children = (
				CC5819E3257D583000BE1530 /* CircularBuffer.swift */,
				CCF46326257BD8B200BEB655 /* AlamofireManager.swift */,
				CC636334257BE768001A2522 /* StatusMessage.swift */,
				CC5819D9257D1F2600BE1530 /* UniqueLock.swift */,
				CC5819F1257D5F0A00BE1530 /* AsynchronousOperation.swift */,
				CC7298AF25A7424C0031FEFE /* Atomic.swift */,
			);
			path = Helpers;
			sourceTree = "<group>";
		};
/* End PBXGroup section */

/* Begin PBXNativeTarget section */
		CCF4628F257BB22600BEB655 /* DeviantArtInfiniteScrolling */ = {
			isa = PBXNativeTarget;
			buildConfigurationList = CCF462BA257BB22800BEB655 /* Build configuration list for PBXNativeTarget "DeviantArtInfiniteScrolling" */;
			buildPhases = (
				5AAA0DB97BA47D82560ED5F1 /* [CP] Check Pods Manifest.lock */,
				CCF4628C257BB22600BEB655 /* Sources */,
				CCF4628D257BB22600BEB655 /* Frameworks */,
				CCF4628E257BB22600BEB655 /* Resources */,
				E847C2D1A70CA0B7050CBC1D /* [CP] Embed Pods Frameworks */,
			);
			buildRules = (
			);
			dependencies = (
			);
			name = DeviantArtInfiniteScrolling;
			productName = DeviantArtInfiniteScrolling;
			productReference = CCF46290257BB22600BEB655 /* DeviantArtInfiniteScrolling.app */;
			productType = "com.apple.product-type.application";
		};
		CCF462A5257BB22800BEB655 /* DeviantArtInfiniteScrollingTests */ = {
			isa = PBXNativeTarget;
			buildConfigurationList = CCF462BD257BB22800BEB655 /* Build configuration list for PBXNativeTarget "DeviantArtInfiniteScrollingTests" */;
			buildPhases = (
				CB2DC307456404642ADAA997 /* [CP] Check Pods Manifest.lock */,
				CCF462A2257BB22800BEB655 /* Sources */,
				CCF462A3257BB22800BEB655 /* Frameworks */,
				CCF462A4257BB22800BEB655 /* Resources */,
			);
			buildRules = (
			);
			dependencies = (
				CCF462A8257BB22800BEB655 /* PBXTargetDependency */,
			);
			name = DeviantArtInfiniteScrollingTests;
			productName = DeviantArtInfiniteScrollingTests;
			productReference = CCF462A6257BB22800BEB655 /* DeviantArtInfiniteScrollingTests.xctest */;
			productType = "com.apple.product-type.bundle.unit-test";
		};
		CCF462B0257BB22800BEB655 /* DeviantArtInfiniteScrollingUITests */ = {
			isa = PBXNativeTarget;
			buildConfigurationList = CCF462C0257BB22800BEB655 /* Build configuration list for PBXNativeTarget "DeviantArtInfiniteScrollingUITests" */;
			buildPhases = (
				E9D60656B899489CB606EBCF /* [CP] Check Pods Manifest.lock */,
				CCF462AD257BB22800BEB655 /* Sources */,
				CCF462AE257BB22800BEB655 /* Frameworks */,
				CCF462AF257BB22800BEB655 /* Resources */,
				1F2E884E847D81B9C6D0ADF9 /* [CP] Embed Pods Frameworks */,
			);
			buildRules = (
			);
			dependencies = (
				CCF462B3257BB22800BEB655 /* PBXTargetDependency */,
			);
			name = DeviantArtInfiniteScrollingUITests;
			productName = DeviantArtInfiniteScrollingUITests;
			productReference = CCF462B1257BB22800BEB655 /* DeviantArtInfiniteScrollingUITests.xctest */;
			productType = "com.apple.product-type.bundle.ui-testing";
		};
/* End PBXNativeTarget section */

/* Begin PBXProject section */
		CCF46288257BB22600BEB655 /* Project object */ = {
			isa = PBXProject;
			attributes = {
				LastSwiftUpdateCheck = 1220;
				LastUpgradeCheck = 1220;
				TargetAttributes = {
					CCF4628F257BB22600BEB655 = {
						CreatedOnToolsVersion = 12.2;
						LastSwiftMigration = 1220;
					};
					CCF462A5257BB22800BEB655 = {
						CreatedOnToolsVersion = 12.2;
						TestTargetID = CCF4628F257BB22600BEB655;
					};
					CCF462B0257BB22800BEB655 = {
						CreatedOnToolsVersion = 12.2;
						TestTargetID = CCF4628F257BB22600BEB655;
					};
				};
			};
			buildConfigurationList = CCF4628B257BB22600BEB655 /* Build configuration list for PBXProject "DeviantArtInfiniteScrolling" */;
			compatibilityVersion = "Xcode 9.3";
			developmentRegion = en;
			hasScannedForEncodings = 0;
			knownRegions = (
				en,
				Base,
			);
			mainGroup = CCF46287257BB22600BEB655;
			productRefGroup = CCF46291257BB22600BEB655 /* Products */;
			projectDirPath = "";
			projectRoot = "";
			targets = (
				CCF4628F257BB22600BEB655 /* DeviantArtInfiniteScrolling */,
				CCF462A5257BB22800BEB655 /* DeviantArtInfiniteScrollingTests */,
				CCF462B0257BB22800BEB655 /* DeviantArtInfiniteScrollingUITests */,
			);
		};
/* End PBXProject section */

/* Begin PBXResourcesBuildPhase section */
		CCF4628E257BB22600BEB655 /* Resources */ = {
			isa = PBXResourcesBuildPhase;
			buildActionMask = 2147483647;
			files = (
				CCF462A0257BB22800BEB655 /* LaunchScreen.storyboard in Resources */,
				CCF4629D257BB22800BEB655 /* Assets.xcassets in Resources */,
				CCF462D7257BC90E00BEB655 /* DeviationPreviewCell.xib in Resources */,
				CCF4629B257BB22600BEB655 /* Main.storyboard in Resources */,
			);
			runOnlyForDeploymentPostprocessing = 0;
		};
		CCF462A4257BB22800BEB655 /* Resources */ = {
			isa = PBXResourcesBuildPhase;
			buildActionMask = 2147483647;
			files = (
			);
			runOnlyForDeploymentPostprocessing = 0;
		};
		CCF462AF257BB22800BEB655 /* Resources */ = {
			isa = PBXResourcesBuildPhase;
			buildActionMask = 2147483647;
			files = (
			);
			runOnlyForDeploymentPostprocessing = 0;
		};
/* End PBXResourcesBuildPhase section */

/* Begin PBXShellScriptBuildPhase section */
		1F2E884E847D81B9C6D0ADF9 /* [CP] Embed Pods Frameworks */ = {
			isa = PBXShellScriptBuildPhase;
			buildActionMask = 2147483647;
			files = (
			);
			inputFileListPaths = (
				"${PODS_ROOT}/Target Support Files/Pods-DeviantArtInfiniteScrolling-DeviantArtInfiniteScrollingUITests/Pods-DeviantArtInfiniteScrolling-DeviantArtInfiniteScrollingUITests-frameworks-${CONFIGURATION}-input-files.xcfilelist",
			);
			name = "[CP] Embed Pods Frameworks";
			outputFileListPaths = (
				"${PODS_ROOT}/Target Support Files/Pods-DeviantArtInfiniteScrolling-DeviantArtInfiniteScrollingUITests/Pods-DeviantArtInfiniteScrolling-DeviantArtInfiniteScrollingUITests-frameworks-${CONFIGURATION}-output-files.xcfilelist",
			);
			runOnlyForDeploymentPostprocessing = 0;
			shellPath = /bin/sh;
			shellScript = "\"${PODS_ROOT}/Target Support Files/Pods-DeviantArtInfiniteScrolling-DeviantArtInfiniteScrollingUITests/Pods-DeviantArtInfiniteScrolling-DeviantArtInfiniteScrollingUITests-frameworks.sh\"\n";
			showEnvVarsInLog = 0;
		};
		5AAA0DB97BA47D82560ED5F1 /* [CP] Check Pods Manifest.lock */ = {
			isa = PBXShellScriptBuildPhase;
			buildActionMask = 2147483647;
			files = (
			);
			inputFileListPaths = (
			);
			inputPaths = (
				"${PODS_PODFILE_DIR_PATH}/Podfile.lock",
				"${PODS_ROOT}/Manifest.lock",
			);
			name = "[CP] Check Pods Manifest.lock";
			outputFileListPaths = (
			);
			outputPaths = (
				"$(DERIVED_FILE_DIR)/Pods-DeviantArtInfiniteScrolling-checkManifestLockResult.txt",
			);
			runOnlyForDeploymentPostprocessing = 0;
			shellPath = /bin/sh;
			shellScript = "diff \"${PODS_PODFILE_DIR_PATH}/Podfile.lock\" \"${PODS_ROOT}/Manifest.lock\" > /dev/null\nif [ $? != 0 ] ; then\n    # print error to STDERR\n    echo \"error: The sandbox is not in sync with the Podfile.lock. Run 'pod install' or update your CocoaPods installation.\" >&2\n    exit 1\nfi\n# This output is used by Xcode 'outputs' to avoid re-running this script phase.\necho \"SUCCESS\" > \"${SCRIPT_OUTPUT_FILE_0}\"\n";
			showEnvVarsInLog = 0;
		};
		CB2DC307456404642ADAA997 /* [CP] Check Pods Manifest.lock */ = {
			isa = PBXShellScriptBuildPhase;
			buildActionMask = 2147483647;
			files = (
			);
			inputFileListPaths = (
			);
			inputPaths = (
				"${PODS_PODFILE_DIR_PATH}/Podfile.lock",
				"${PODS_ROOT}/Manifest.lock",
			);
			name = "[CP] Check Pods Manifest.lock";
			outputFileListPaths = (
			);
			outputPaths = (
				"$(DERIVED_FILE_DIR)/Pods-DeviantArtInfiniteScrollingTests-checkManifestLockResult.txt",
			);
			runOnlyForDeploymentPostprocessing = 0;
			shellPath = /bin/sh;
			shellScript = "diff \"${PODS_PODFILE_DIR_PATH}/Podfile.lock\" \"${PODS_ROOT}/Manifest.lock\" > /dev/null\nif [ $? != 0 ] ; then\n    # print error to STDERR\n    echo \"error: The sandbox is not in sync with the Podfile.lock. Run 'pod install' or update your CocoaPods installation.\" >&2\n    exit 1\nfi\n# This output is used by Xcode 'outputs' to avoid re-running this script phase.\necho \"SUCCESS\" > \"${SCRIPT_OUTPUT_FILE_0}\"\n";
			showEnvVarsInLog = 0;
		};
		E847C2D1A70CA0B7050CBC1D /* [CP] Embed Pods Frameworks */ = {
			isa = PBXShellScriptBuildPhase;
			buildActionMask = 2147483647;
			files = (
			);
			inputFileListPaths = (
				"${PODS_ROOT}/Target Support Files/Pods-DeviantArtInfiniteScrolling/Pods-DeviantArtInfiniteScrolling-frameworks-${CONFIGURATION}-input-files.xcfilelist",
			);
			name = "[CP] Embed Pods Frameworks";
			outputFileListPaths = (
				"${PODS_ROOT}/Target Support Files/Pods-DeviantArtInfiniteScrolling/Pods-DeviantArtInfiniteScrolling-frameworks-${CONFIGURATION}-output-files.xcfilelist",
			);
			runOnlyForDeploymentPostprocessing = 0;
			shellPath = /bin/sh;
			shellScript = "\"${PODS_ROOT}/Target Support Files/Pods-DeviantArtInfiniteScrolling/Pods-DeviantArtInfiniteScrolling-frameworks.sh\"\n";
			showEnvVarsInLog = 0;
		};
		E9D60656B899489CB606EBCF /* [CP] Check Pods Manifest.lock */ = {
			isa = PBXShellScriptBuildPhase;
			buildActionMask = 2147483647;
			files = (
			);
			inputFileListPaths = (
			);
			inputPaths = (
				"${PODS_PODFILE_DIR_PATH}/Podfile.lock",
				"${PODS_ROOT}/Manifest.lock",
			);
			name = "[CP] Check Pods Manifest.lock";
			outputFileListPaths = (
			);
			outputPaths = (
				"$(DERIVED_FILE_DIR)/Pods-DeviantArtInfiniteScrolling-DeviantArtInfiniteScrollingUITests-checkManifestLockResult.txt",
			);
			runOnlyForDeploymentPostprocessing = 0;
			shellPath = /bin/sh;
			shellScript = "diff \"${PODS_PODFILE_DIR_PATH}/Podfile.lock\" \"${PODS_ROOT}/Manifest.lock\" > /dev/null\nif [ $? != 0 ] ; then\n    # print error to STDERR\n    echo \"error: The sandbox is not in sync with the Podfile.lock. Run 'pod install' or update your CocoaPods installation.\" >&2\n    exit 1\nfi\n# This output is used by Xcode 'outputs' to avoid re-running this script phase.\necho \"SUCCESS\" > \"${SCRIPT_OUTPUT_FILE_0}\"\n";
			showEnvVarsInLog = 0;
		};
/* End PBXShellScriptBuildPhase section */

/* Begin PBXSourcesBuildPhase section */
		CCF4628C257BB22600BEB655 /* Sources */ = {
			isa = PBXSourcesBuildPhase;
			buildActionMask = 2147483647;
			files = (
				CC5819FC257D6AAA00BE1530 /* DAMediaManager.swift in Sources */,
				CC5819E4257D583100BE1530 /* CircularBuffer.swift in Sources */,
				CCF46298257BB22600BEB655 /* ViewController.swift in Sources */,
				CC5819EA257D595400BE1530 /* NetworkOperation.swift in Sources */,
				CC7298B025A7424C0031FEFE /* Atomic.swift in Sources */,
				CCF462D6257BC90E00BEB655 /* DeviationPreviewCell.swift in Sources */,
				CC5819DF257D396300BE1530 /* TableViewDataSource.swift in Sources */,
				CCF4630E257BCD2900BEB655 /* DAManager.swift in Sources */,
				CCF46327257BD8B200BEB655 /* AlamofireManager.swift in Sources */,
				CC5819DA257D1F2700BE1530 /* UniqueLock.swift in Sources */,
				CCF46294257BB22600BEB655 /* AppDelegate.swift in Sources */,
				CC636335257BE768001A2522 /* StatusMessage.swift in Sources */,
				CC5819F2257D5F0A00BE1530 /* AsynchronousOperation.swift in Sources */,
			);
			runOnlyForDeploymentPostprocessing = 0;
		};
		CCF462A2257BB22800BEB655 /* Sources */ = {
			isa = PBXSourcesBuildPhase;
			buildActionMask = 2147483647;
			files = (
				CCF462AB257BB22800BEB655 /* DeviantArtInfiniteScrollingTests.swift in Sources */,
			);
			runOnlyForDeploymentPostprocessing = 0;
		};
		CCF462AD257BB22800BEB655 /* Sources */ = {
			isa = PBXSourcesBuildPhase;
			buildActionMask = 2147483647;
			files = (
				CCF462B6257BB22800BEB655 /* DeviantArtInfiniteScrollingUITests.swift in Sources */,
			);
			runOnlyForDeploymentPostprocessing = 0;
		};
/* End PBXSourcesBuildPhase section */

/* Begin PBXTargetDependency section */
		CCF462A8257BB22800BEB655 /* PBXTargetDependency */ = {
			isa = PBXTargetDependency;
			target = CCF4628F257BB22600BEB655 /* DeviantArtInfiniteScrolling */;
			targetProxy = CCF462A7257BB22800BEB655 /* PBXContainerItemProxy */;
		};
		CCF462B3257BB22800BEB655 /* PBXTargetDependency */ = {
			isa = PBXTargetDependency;
			target = CCF4628F257BB22600BEB655 /* DeviantArtInfiniteScrolling */;
			targetProxy = CCF462B2257BB22800BEB655 /* PBXContainerItemProxy */;
		};
/* End PBXTargetDependency section */

/* Begin PBXVariantGroup section */
		CCF46299257BB22600BEB655 /* Main.storyboard */ = {
			isa = PBXVariantGroup;
			children = (
				CCF4629A257BB22600BEB655 /* Base */,
			);
			name = Main.storyboard;
			sourceTree = "<group>";
		};
		CCF4629E257BB22800BEB655 /* LaunchScreen.storyboard */ = {
			isa = PBXVariantGroup;
			children = (
				CCF4629F257BB22800BEB655 /* Base */,
			);
			name = LaunchScreen.storyboard;
			sourceTree = "<group>";
		};
/* End PBXVariantGroup section */

/* Begin XCBuildConfiguration section */
		CCF462B8257BB22800BEB655 /* Debug */ = {
			isa = XCBuildConfiguration;
			buildSettings = {
				ALWAYS_SEARCH_USER_PATHS = NO;
				CLANG_ANALYZER_NONNULL = YES;
				CLANG_ANALYZER_NUMBER_OBJECT_CONVERSION = YES_AGGRESSIVE;
				CLANG_CXX_LANGUAGE_STANDARD = "gnu++14";
				CLANG_CXX_LIBRARY = "libc++";
				CLANG_ENABLE_MODULES = YES;
				CLANG_ENABLE_OBJC_ARC = YES;
				CLANG_ENABLE_OBJC_WEAK = YES;
				CLANG_WARN_BLOCK_CAPTURE_AUTORELEASING = YES;
				CLANG_WARN_BOOL_CONVERSION = YES;
				CLANG_WARN_COMMA = YES;
				CLANG_WARN_CONSTANT_CONVERSION = YES;
				CLANG_WARN_DEPRECATED_OBJC_IMPLEMENTATIONS = YES;
				CLANG_WARN_DIRECT_OBJC_ISA_USAGE = YES_ERROR;
				CLANG_WARN_DOCUMENTATION_COMMENTS = YES;
				CLANG_WARN_EMPTY_BODY = YES;
				CLANG_WARN_ENUM_CONVERSION = YES;
				CLANG_WARN_INFINITE_RECURSION = YES;
				CLANG_WARN_INT_CONVERSION = YES;
				CLANG_WARN_NON_LITERAL_NULL_CONVERSION = YES;
				CLANG_WARN_OBJC_IMPLICIT_RETAIN_SELF = YES;
				CLANG_WARN_OBJC_LITERAL_CONVERSION = YES;
				CLANG_WARN_OBJC_ROOT_CLASS = YES_ERROR;
				CLANG_WARN_QUOTED_INCLUDE_IN_FRAMEWORK_HEADER = YES;
				CLANG_WARN_RANGE_LOOP_ANALYSIS = YES;
				CLANG_WARN_STRICT_PROTOTYPES = YES;
				CLANG_WARN_SUSPICIOUS_MOVE = YES;
				CLANG_WARN_UNGUARDED_AVAILABILITY = YES_AGGRESSIVE;
				CLANG_WARN_UNREACHABLE_CODE = YES;
				CLANG_WARN__DUPLICATE_METHOD_MATCH = YES;
				COPY_PHASE_STRIP = NO;
				DEBUG_INFORMATION_FORMAT = dwarf;
				ENABLE_STRICT_OBJC_MSGSEND = YES;
				ENABLE_TESTABILITY = YES;
				GCC_C_LANGUAGE_STANDARD = gnu11;
				GCC_DYNAMIC_NO_PIC = NO;
				GCC_NO_COMMON_BLOCKS = YES;
				GCC_OPTIMIZATION_LEVEL = 0;
				GCC_PREPROCESSOR_DEFINITIONS = (
					"DEBUG=1",
					"$(inherited)",
				);
				GCC_WARN_64_TO_32_BIT_CONVERSION = YES;
				GCC_WARN_ABOUT_RETURN_TYPE = YES_ERROR;
				GCC_WARN_UNDECLARED_SELECTOR = YES;
				GCC_WARN_UNINITIALIZED_AUTOS = YES_AGGRESSIVE;
				GCC_WARN_UNUSED_FUNCTION = YES;
				GCC_WARN_UNUSED_VARIABLE = YES;
				IPHONEOS_DEPLOYMENT_TARGET = 11.0;
				MTL_ENABLE_DEBUG_INFO = INCLUDE_SOURCE;
				MTL_FAST_MATH = YES;
				ONLY_ACTIVE_ARCH = YES;
				SDKROOT = iphoneos;
				SWIFT_ACTIVE_COMPILATION_CONDITIONS = DEBUG;
				SWIFT_OPTIMIZATION_LEVEL = "-Onone";
			};
			name = Debug;
		};
		CCF462B9257BB22800BEB655 /* Release */ = {
			isa = XCBuildConfiguration;
			buildSettings = {
				ALWAYS_SEARCH_USER_PATHS = NO;
				CLANG_ANALYZER_NONNULL = YES;
				CLANG_ANALYZER_NUMBER_OBJECT_CONVERSION = YES_AGGRESSIVE;
				CLANG_CXX_LANGUAGE_STANDARD = "gnu++14";
				CLANG_CXX_LIBRARY = "libc++";
				CLANG_ENABLE_MODULES = YES;
				CLANG_ENABLE_OBJC_ARC = YES;
				CLANG_ENABLE_OBJC_WEAK = YES;
				CLANG_WARN_BLOCK_CAPTURE_AUTORELEASING = YES;
				CLANG_WARN_BOOL_CONVERSION = YES;
				CLANG_WARN_COMMA = YES;
				CLANG_WARN_CONSTANT_CONVERSION = YES;
				CLANG_WARN_DEPRECATED_OBJC_IMPLEMENTATIONS = YES;
				CLANG_WARN_DIRECT_OBJC_ISA_USAGE = YES_ERROR;
				CLANG_WARN_DOCUMENTATION_COMMENTS = YES;
				CLANG_WARN_EMPTY_BODY = YES;
				CLANG_WARN_ENUM_CONVERSION = YES;
				CLANG_WARN_INFINITE_RECURSION = YES;
				CLANG_WARN_INT_CONVERSION = YES;
				CLANG_WARN_NON_LITERAL_NULL_CONVERSION = YES;
				CLANG_WARN_OBJC_IMPLICIT_RETAIN_SELF = YES;
				CLANG_WARN_OBJC_LITERAL_CONVERSION = YES;
				CLANG_WARN_OBJC_ROOT_CLASS = YES_ERROR;
				CLANG_WARN_QUOTED_INCLUDE_IN_FRAMEWORK_HEADER = YES;
				CLANG_WARN_RANGE_LOOP_ANALYSIS = YES;
				CLANG_WARN_STRICT_PROTOTYPES = YES;
				CLANG_WARN_SUSPICIOUS_MOVE = YES;
				CLANG_WARN_UNGUARDED_AVAILABILITY = YES_AGGRESSIVE;
				CLANG_WARN_UNREACHABLE_CODE = YES;
				CLANG_WARN__DUPLICATE_METHOD_MATCH = YES;
				COPY_PHASE_STRIP = NO;
				DEBUG_INFORMATION_FORMAT = "dwarf-with-dsym";
				ENABLE_NS_ASSERTIONS = NO;
				ENABLE_STRICT_OBJC_MSGSEND = YES;
				GCC_C_LANGUAGE_STANDARD = gnu11;
				GCC_NO_COMMON_BLOCKS = YES;
				GCC_WARN_64_TO_32_BIT_CONVERSION = YES;
				GCC_WARN_ABOUT_RETURN_TYPE = YES_ERROR;
				GCC_WARN_UNDECLARED_SELECTOR = YES;
				GCC_WARN_UNINITIALIZED_AUTOS = YES_AGGRESSIVE;
				GCC_WARN_UNUSED_FUNCTION = YES;
				GCC_WARN_UNUSED_VARIABLE = YES;
				IPHONEOS_DEPLOYMENT_TARGET = 11.0;
				MTL_ENABLE_DEBUG_INFO = NO;
				MTL_FAST_MATH = YES;
				SDKROOT = iphoneos;
				SWIFT_COMPILATION_MODE = wholemodule;
				SWIFT_OPTIMIZATION_LEVEL = "-O";
				VALIDATE_PRODUCT = YES;
			};
			name = Release;
		};
		CCF462BB257BB22800BEB655 /* Debug */ = {
			isa = XCBuildConfiguration;
			baseConfigurationReference = EA9E63CA04FA681E396DDB89 /* Pods-DeviantArtInfiniteScrolling.debug.xcconfig */;
			buildSettings = {
				ASSETCATALOG_COMPILER_APPICON_NAME = AppIcon;
				ASSETCATALOG_COMPILER_GLOBAL_ACCENT_COLOR_NAME = AccentColor;
				CLANG_ENABLE_MODULES = YES;
				CODE_SIGN_STYLE = Automatic;
				DEVELOPMENT_TEAM = UCTQDPM624;
				INFOPLIST_FILE = DeviantArtInfiniteScrolling/Info.plist;
				LD_RUNPATH_SEARCH_PATHS = (
					"$(inherited)",
					"@executable_path/Frameworks",
				);
				PRODUCT_BUNDLE_IDENTIFIER = io.github.dyumin.DeviantArtInfiniteScrolling;
				PRODUCT_NAME = "$(TARGET_NAME)";
				SWIFT_OPTIMIZATION_LEVEL = "-Onone";
				SWIFT_VERSION = 5.0;
				TARGETED_DEVICE_FAMILY = "1,2";
			};
			name = Debug;
		};
		CCF462BC257BB22800BEB655 /* Release */ = {
			isa = XCBuildConfiguration;
			baseConfigurationReference = C4B829B6249564FFF4413D0F /* Pods-DeviantArtInfiniteScrolling.release.xcconfig */;
			buildSettings = {
				ASSETCATALOG_COMPILER_APPICON_NAME = AppIcon;
				ASSETCATALOG_COMPILER_GLOBAL_ACCENT_COLOR_NAME = AccentColor;
				CLANG_ENABLE_MODULES = YES;
				CODE_SIGN_STYLE = Automatic;
				DEVELOPMENT_TEAM = UCTQDPM624;
				GCC_OPTIMIZATION_LEVEL = 3;
				INFOPLIST_FILE = DeviantArtInfiniteScrolling/Info.plist;
				LD_RUNPATH_SEARCH_PATHS = (
					"$(inherited)",
					"@executable_path/Frameworks",
				);
				PRODUCT_BUNDLE_IDENTIFIER = io.github.dyumin.DeviantArtInfiniteScrolling;
				PRODUCT_NAME = "$(TARGET_NAME)";
				SWIFT_VERSION = 5.0;
				TARGETED_DEVICE_FAMILY = "1,2";
			};
			name = Release;
		};
		CCF462BE257BB22800BEB655 /* Debug */ = {
			isa = XCBuildConfiguration;
			baseConfigurationReference = 8F5D882C2300841F7D00AFD0 /* Pods-DeviantArtInfiniteScrollingTests.debug.xcconfig */;
			buildSettings = {
				ALWAYS_EMBED_SWIFT_STANDARD_LIBRARIES = YES;
				BUNDLE_LOADER = "$(TEST_HOST)";
				CODE_SIGN_STYLE = Automatic;
				DEVELOPMENT_TEAM = UCTQDPM624;
				INFOPLIST_FILE = DeviantArtInfiniteScrollingTests/Info.plist;
				IPHONEOS_DEPLOYMENT_TARGET = 14.2;
				LD_RUNPATH_SEARCH_PATHS = (
					"$(inherited)",
					"@executable_path/Frameworks",
					"@loader_path/Frameworks",
				);
				PRODUCT_BUNDLE_IDENTIFIER = io.github.dyumin.DeviantArtInfiniteScrollingTests;
				PRODUCT_NAME = "$(TARGET_NAME)";
				SWIFT_VERSION = 5.0;
				TARGETED_DEVICE_FAMILY = "1,2";
				TEST_HOST = "$(BUILT_PRODUCTS_DIR)/DeviantArtInfiniteScrolling.app/DeviantArtInfiniteScrolling";
			};
			name = Debug;
		};
		CCF462BF257BB22800BEB655 /* Release */ = {
			isa = XCBuildConfiguration;
			baseConfigurationReference = 5204CE33409B617F5CAA21C5 /* Pods-DeviantArtInfiniteScrollingTests.release.xcconfig */;
			buildSettings = {
				ALWAYS_EMBED_SWIFT_STANDARD_LIBRARIES = YES;
				BUNDLE_LOADER = "$(TEST_HOST)";
				CODE_SIGN_STYLE = Automatic;
				DEVELOPMENT_TEAM = UCTQDPM624;
				INFOPLIST_FILE = DeviantArtInfiniteScrollingTests/Info.plist;
				IPHONEOS_DEPLOYMENT_TARGET = 14.2;
				LD_RUNPATH_SEARCH_PATHS = (
					"$(inherited)",
					"@executable_path/Frameworks",
					"@loader_path/Frameworks",
				);
				PRODUCT_BUNDLE_IDENTIFIER = io.github.dyumin.DeviantArtInfiniteScrollingTests;
				PRODUCT_NAME = "$(TARGET_NAME)";
				SWIFT_VERSION = 5.0;
				TARGETED_DEVICE_FAMILY = "1,2";
				TEST_HOST = "$(BUILT_PRODUCTS_DIR)/DeviantArtInfiniteScrolling.app/DeviantArtInfiniteScrolling";
			};
			name = Release;
		};
		CCF462C1257BB22800BEB655 /* Debug */ = {
			isa = XCBuildConfiguration;
			baseConfigurationReference = 4D8F6384B332E562D3A6EAD5 /* Pods-DeviantArtInfiniteScrolling-DeviantArtInfiniteScrollingUITests.debug.xcconfig */;
			buildSettings = {
				ALWAYS_EMBED_SWIFT_STANDARD_LIBRARIES = YES;
				CODE_SIGN_STYLE = Automatic;
				DEVELOPMENT_TEAM = UCTQDPM624;
				INFOPLIST_FILE = DeviantArtInfiniteScrollingUITests/Info.plist;
				LD_RUNPATH_SEARCH_PATHS = (
					"$(inherited)",
					"@executable_path/Frameworks",
					"@loader_path/Frameworks",
				);
				PRODUCT_BUNDLE_IDENTIFIER = io.github.dyumin.DeviantArtInfiniteScrollingUITests;
				PRODUCT_NAME = "$(TARGET_NAME)";
				SWIFT_VERSION = 5.0;
				TARGETED_DEVICE_FAMILY = "1,2";
				TEST_TARGET_NAME = DeviantArtInfiniteScrolling;
			};
			name = Debug;
		};
		CCF462C2257BB22800BEB655 /* Release */ = {
			isa = XCBuildConfiguration;
			baseConfigurationReference = 55E44EAE8FC74F8AD55D26A2 /* Pods-DeviantArtInfiniteScrolling-DeviantArtInfiniteScrollingUITests.release.xcconfig */;
			buildSettings = {
				ALWAYS_EMBED_SWIFT_STANDARD_LIBRARIES = YES;
				CODE_SIGN_STYLE = Automatic;
				DEVELOPMENT_TEAM = UCTQDPM624;
				INFOPLIST_FILE = DeviantArtInfiniteScrollingUITests/Info.plist;
				LD_RUNPATH_SEARCH_PATHS = (
					"$(inherited)",
					"@executable_path/Frameworks",
					"@loader_path/Frameworks",
				);
				PRODUCT_BUNDLE_IDENTIFIER = io.github.dyumin.DeviantArtInfiniteScrollingUITests;
				PRODUCT_NAME = "$(TARGET_NAME)";
				SWIFT_VERSION = 5.0;
				TARGETED_DEVICE_FAMILY = "1,2";
				TEST_TARGET_NAME = DeviantArtInfiniteScrolling;
			};
			name = Release;
		};
/* End XCBuildConfiguration section */

/* Begin XCConfigurationList section */
		CCF4628B257BB22600BEB655 /* Build configuration list for PBXProject "DeviantArtInfiniteScrolling" */ = {
			isa = XCConfigurationList;
			buildConfigurations = (
				CCF462B8257BB22800BEB655 /* Debug */,
				CCF462B9257BB22800BEB655 /* Release */,
			);
			defaultConfigurationIsVisible = 0;
			defaultConfigurationName = Release;
		};
		CCF462BA257BB22800BEB655 /* Build configuration list for PBXNativeTarget "DeviantArtInfiniteScrolling" */ = {
			isa = XCConfigurationList;
			buildConfigurations = (
				CCF462BB257BB22800BEB655 /* Debug */,
				CCF462BC257BB22800BEB655 /* Release */,
			);
			defaultConfigurationIsVisible = 0;
			defaultConfigurationName = Release;
		};
		CCF462BD257BB22800BEB655 /* Build configuration list for PBXNativeTarget "DeviantArtInfiniteScrollingTests" */ = {
			isa = XCConfigurationList;
			buildConfigurations = (
				CCF462BE257BB22800BEB655 /* Debug */,
				CCF462BF257BB22800BEB655 /* Release */,
			);
			defaultConfigurationIsVisible = 0;
			defaultConfigurationName = Release;
		};
		CCF462C0257BB22800BEB655 /* Build configuration list for PBXNativeTarget "DeviantArtInfiniteScrollingUITests" */ = {
			isa = XCConfigurationList;
			buildConfigurations = (
				CCF462C1257BB22800BEB655 /* Debug */,
				CCF462C2257BB22800BEB655 /* Release */,
			);
			defaultConfigurationIsVisible = 0;
			defaultConfigurationName = Release;
		};
/* End XCConfigurationList section */
	};
	rootObject = CCF46288257BB22600BEB655 /* Project object */;
}
